// !$*UTF8*$!
{
	archiveVersion = 1;
	classes = {
	};
	objectVersion = 46;
	objects = {

/* Begin PBXBuildFile section */
		F807B3301A7280A300F17C83 /* AppDelegate.swift in Sources */ = {isa = PBXBuildFile; fileRef = F807B32F1A7280A300F17C83 /* AppDelegate.swift */; };
		F807B3321A7280A300F17C83 /* ViewController.swift in Sources */ = {isa = PBXBuildFile; fileRef = F807B3311A7280A300F17C83 /* ViewController.swift */; };
		F807B3351A7280A300F17C83 /* Main.storyboard in Resources */ = {isa = PBXBuildFile; fileRef = F807B3331A7280A300F17C83 /* Main.storyboard */; };
		F807B3371A7280A300F17C83 /* Images.xcassets in Resources */ = {isa = PBXBuildFile; fileRef = F807B3361A7280A300F17C83 /* Images.xcassets */; };
		F807B33A1A7280A300F17C83 /* LaunchScreen.xib in Resources */ = {isa = PBXBuildFile; fileRef = F807B3381A7280A300F17C83 /* LaunchScreen.xib */; };
		F807B3461A7280A300F17C83 /* popMenuTestTests.swift in Sources */ = {isa = PBXBuildFile; fileRef = F807B3451A7280A300F17C83 /* popMenuTestTests.swift */; };
/* End PBXBuildFile section */

/* Begin PBXContainerItemProxy section */
		F807B3401A7280A300F17C83 /* PBXContainerItemProxy */ = {
			isa = PBXContainerItemProxy;
			containerPortal = F807B3221A7280A300F17C83 /* Project object */;
			proxyType = 1;
			remoteGlobalIDString = F807B3291A7280A300F17C83;
			remoteInfo = popMenuTest;
		};
/* End PBXContainerItemProxy section */

/* Begin PBXFileReference section */
		F807B32A1A7280A300F17C83 /* popMenuTest.app */ = {isa = PBXFileReference; explicitFileType = wrapper.application; includeInIndex = 0; path = popMenuTest.app; sourceTree = BUILT_PRODUCTS_DIR; };
		F807B32E1A7280A300F17C83 /* Info.plist */ = {isa = PBXFileReference; lastKnownFileType = text.plist.xml; path = Info.plist; sourceTree = "<group>"; };
		F807B32F1A7280A300F17C83 /* AppDelegate.swift */ = {isa = PBXFileReference; lastKnownFileType = sourcecode.swift; path = AppDelegate.swift; sourceTree = "<group>"; };
		F807B3311A7280A300F17C83 /* ViewController.swift */ = {isa = PBXFileReference; lastKnownFileType = sourcecode.swift; path = ViewController.swift; sourceTree = "<group>"; };
		F807B3341A7280A300F17C83 /* Base */ = {isa = PBXFileReference; lastKnownFileType = file.storyboard; name = Base; path = Base.lproj/Main.storyboard; sourceTree = "<group>"; };
		F807B3361A7280A300F17C83 /* Images.xcassets */ = {isa = PBXFileReference; lastKnownFileType = folder.assetcatalog; path = Images.xcassets; sourceTree = "<group>"; };
		F807B3391A7280A300F17C83 /* Base */ = {isa = PBXFileReference; lastKnownFileType = file.xib; name = Base; path = Base.lproj/LaunchScreen.xib; sourceTree = "<group>"; };
		F807B33F1A7280A300F17C83 /* popMenuTestTests.xctest */ = {isa = PBXFileReference; explicitFileType = wrapper.cfbundle; includeInIndex = 0; path = popMenuTestTests.xctest; sourceTree = BUILT_PRODUCTS_DIR; };
		F807B3441A7280A300F17C83 /* Info.plist */ = {isa = PBXFileReference; lastKnownFileType = text.plist.xml; path = Info.plist; sourceTree = "<group>"; };
		F807B3451A7280A300F17C83 /* popMenuTestTests.swift */ = {isa = PBXFileReference; lastKnownFileType = sourcecode.swift; path = popMenuTestTests.swift; sourceTree = "<group>"; };
/* End PBXFileReference section */

/* Begin PBXFrameworksBuildPhase section */
		F807B3271A7280A300F17C83 /* Frameworks */ = {
			isa = PBXFrameworksBuildPhase;
			buildActionMask = 2147483647;
			files = (
			);
			runOnlyForDeploymentPostprocessing = 0;
		};
		F807B33C1A7280A300F17C83 /* Frameworks */ = {
			isa = PBXFrameworksBuildPhase;
			buildActionMask = 2147483647;
			files = (
			);
			runOnlyForDeploymentPostprocessing = 0;
		};
/* End PBXFrameworksBuildPhase section */

/* Begin PBXGroup section */
		F807B3211A7280A300F17C83 = {
			isa = PBXGroup;
			children = (
				F807B32C1A7280A300F17C83 /* popMenuTest */,
				F807B3421A7280A300F17C83 /* popMenuTestTests */,
				F807B32B1A7280A300F17C83 /* Products */,
			);
			sourceTree = "<group>";
		};
		F807B32B1A7280A300F17C83 /* Products */ = {
			isa = PBXGroup;
			children = (
				F807B32A1A7280A300F17C83 /* popMenuTest.app */,
				F807B33F1A7280A300F17C83 /* popMenuTestTests.xctest */,
			);
			name = Products;
			sourceTree = "<group>";
		};
		F807B32C1A7280A300F17C83 /* popMenuTest */ = {
			isa = PBXGroup;
			children = (
				F807B32F1A7280A300F17C83 /* AppDelegate.swift */,
				F807B3311A7280A300F17C83 /* ViewController.swift */,
				F807B3331A7280A300F17C83 /* Main.storyboard */,
				F807B3361A7280A300F17C83 /* Images.xcassets */,
				F807B3381A7280A300F17C83 /* LaunchScreen.xib */,
				F807B32D1A7280A300F17C83 /* Supporting Files */,
			);
			path = popMenuTest;
			sourceTree = "<group>";
		};
		F807B32D1A7280A300F17C83 /* Supporting Files */ = {
			isa = PBXGroup;
			children = (
				F807B32E1A7280A300F17C83 /* Info.plist */,
			);
			name = "Supporting Files";
			sourceTree = "<group>";
		};
		F807B3421A7280A300F17C83 /* popMenuTestTests */ = {
			isa = PBXGroup;
			children = (
				F807B3451A7280A300F17C83 /* popMenuTestTests.swift */,
				F807B3431A7280A300F17C83 /* Supporting Files */,
			);
			path = popMenuTestTests;
			sourceTree = "<group>";
		};
		F807B3431A7280A300F17C83 /* Supporting Files */ = {
			isa = PBXGroup;
			children = (
				F807B3441A7280A300F17C83 /* Info.plist */,
			);
			name = "Supporting Files";
			sourceTree = "<group>";
		};
/* End PBXGroup section */

/* Begin PBXNativeTarget section */
		F807B3291A7280A300F17C83 /* popMenuTest */ = {
			isa = PBXNativeTarget;
			buildConfigurationList = F807B3491A7280A300F17C83 /* Build configuration list for PBXNativeTarget "popMenuTest" */;
			buildPhases = (
				F807B3261A7280A300F17C83 /* Sources */,
				F807B3271A7280A300F17C83 /* Frameworks */,
				F807B3281A7280A300F17C83 /* Resources */,
			);
			buildRules = (
			);
			dependencies = (
			);
			name = popMenuTest;
			productName = popMenuTest;
			productReference = F807B32A1A7280A300F17C83 /* popMenuTest.app */;
			productType = "com.apple.product-type.application";
		};
		F807B33E1A7280A300F17C83 /* popMenuTestTests */ = {
			isa = PBXNativeTarget;
			buildConfigurationList = F807B34C1A7280A300F17C83 /* Build configuration list for PBXNativeTarget "popMenuTestTests" */;
			buildPhases = (
				F807B33B1A7280A300F17C83 /* Sources */,
				F807B33C1A7280A300F17C83 /* Frameworks */,
				F807B33D1A7280A300F17C83 /* Resources */,
			);
			buildRules = (
			);
			dependencies = (
				F807B3411A7280A300F17C83 /* PBXTargetDependency */,
			);
			name = popMenuTestTests;
			productName = popMenuTestTests;
			productReference = F807B33F1A7280A300F17C83 /* popMenuTestTests.xctest */;
			productType = "com.apple.product-type.bundle.unit-test";
		};
/* End PBXNativeTarget section */

/* Begin PBXProject section */
		F807B3221A7280A300F17C83 /* Project object */ = {
			isa = PBXProject;
			attributes = {
				LastUpgradeCheck = 0610;
				ORGANIZATIONNAME = "Kay Vink";
				TargetAttributes = {
					F807B3291A7280A300F17C83 = {
						CreatedOnToolsVersion = 6.1.1;
					};
					F807B33E1A7280A300F17C83 = {
						CreatedOnToolsVersion = 6.1.1;
						TestTargetID = F807B3291A7280A300F17C83;
					};
				};
			};
			buildConfigurationList = F807B3251A7280A300F17C83 /* Build configuration list for PBXProject "popMenuTest" */;
			compatibilityVersion = "Xcode 3.2";
			developmentRegion = English;
			hasScannedForEncodings = 0;
			knownRegions = (
				en,
				Base,
			);
			mainGroup = F807B3211A7280A300F17C83;
			productRefGroup = F807B32B1A7280A300F17C83 /* Products */;
			projectDirPath = "";
			projectRoot = "";
			targets = (
				F807B3291A7280A300F17C83 /* popMenuTest */,
				F807B33E1A7280A300F17C83 /* popMenuTestTests */,
			);
		};
/* End PBXProject section */

/* Begin PBXResourcesBuildPhase section */
		F807B3281A7280A300F17C83 /* Resources */ = {
			isa = PBXResourcesBuildPhase;
			buildActionMask = 2147483647;
			files = (
				F807B3351A7280A300F17C83 /* Main.storyboard in Resources */,
				F807B33A1A7280A300F17C83 /* LaunchScreen.xib in Resources */,
				F807B3371A7280A300F17C83 /* Images.xcassets in Resources */,
			);
			runOnlyForDeploymentPostprocessing = 0;
		};
		F807B33D1A7280A300F17C83 /* Resources */ = {
			isa = PBXResourcesBuildPhase;
			buildActionMask = 2147483647;
			files = (
			);
			runOnlyForDeploymentPostprocessing = 0;
		};
/* End PBXResourcesBuildPhase section */

/* Begin PBXSourcesBuildPhase section */
		F807B3261A7280A300F17C83 /* Sources */ = {
			isa = PBXSourcesBuildPhase;
			buildActionMask = 2147483647;
			files = (
				F807B3321A7280A300F17C83 /* ViewController.swift in Sources */,
				F807B3301A7280A300F17C83 /* AppDelegate.swift in Sources */,
			);
			runOnlyForDeploymentPostprocessing = 0;
		};
		F807B33B1A7280A300F17C83 /* Sources */ = {
			isa = PBXSourcesBuildPhase;
			buildActionMask = 2147483647;
			files = (
				F807B3461A7280A300F17C83 /* popMenuTestTests.swift in Sources */,
			);
			runOnlyForDeploymentPostprocessing = 0;
		};
/* End PBXSourcesBuildPhase section */

/* Begin PBXTargetDependency section */
		F807B3411A7280A300F17C83 /* PBXTargetDependency */ = {
			isa = PBXTargetDependency;
			target = F807B3291A7280A300F17C83 /* popMenuTest */;
			targetProxy = F807B3401A7280A300F17C83 /* PBXContainerItemProxy */;
		};
/* End PBXTargetDependency section */

/* Begin PBXVariantGroup section */
		F807B3331A7280A300F17C83 /* Main.storyboard */ = {
			isa = PBXVariantGroup;
			children = (
				F807B3341A7280A300F17C83 /* Base */,
			);
			name = Main.storyboard;
			sourceTree = "<group>";
		};
		F807B3381A7280A300F17C83 /* LaunchScreen.xib */ = {
			isa = PBXVariantGroup;
			children = (
				F807B3391A7280A300F17C83 /* Base */,
			);
			name = LaunchScreen.xib;
			sourceTree = "<group>";
		};
/* End PBXVariantGroup section */

/* Begin XCBuildConfiguration section */
		F807B3471A7280A300F17C83 /* Debug */ = {
			isa = XCBuildConfiguration;
			buildSettings = {
				ALWAYS_SEARCH_USER_PATHS = NO;
				CLANG_CXX_LANGUAGE_STANDARD = "gnu++0x";
				CLANG_CXX_LIBRARY = "libc++";
				CLANG_ENABLE_MODULES = YES;
				CLANG_ENABLE_OBJC_ARC = YES;
				CLANG_WARN_BOOL_CONVERSION = YES;
				CLANG_WARN_CONSTANT_CONVERSION = YES;
				CLANG_WARN_DIRECT_OBJC_ISA_USAGE = YES_ERROR;
				CLANG_WARN_EMPTY_BODY = YES;
				CLANG_WARN_ENUM_CONVERSION = YES;
				CLANG_WARN_INT_CONVERSION = YES;
				CLANG_WARN_OBJC_ROOT_CLASS = YES_ERROR;
				CLANG_WARN_UNREACHABLE_CODE = YES;
				CLANG_WARN__DUPLICATE_METHOD_MATCH = YES;
				"CODE_SIGN_IDENTITY[sdk=iphoneos*]" = "iPhone Developer";
				COPY_PHASE_STRIP = NO;
				ENABLE_STRICT_OBJC_MSGSEND = YES;
				GCC_C_LANGUAGE_STANDARD = gnu99;
				GCC_DYNAMIC_NO_PIC = NO;
				GCC_OPTIMIZATION_LEVEL = 0;
				GCC_PREPROCESSOR_DEFINITIONS = (
					"DEBUG=1",
					"$(inherited)",
				);
				GCC_SYMBOLS_PRIVATE_EXTERN = NO;
				GCC_WARN_64_TO_32_BIT_CONVERSION = YES;
				GCC_WARN_ABOUT_RETURN_TYPE = YES_ERROR;
				GCC_WARN_UNDECLARED_SELECTOR = YES;
				GCC_WARN_UNINITIALIZED_AUTOS = YES_AGGRESSIVE;
				GCC_WARN_UNUSED_FUNCTION = YES;
				GCC_WARN_UNUSED_VARIABLE = YES;
				IPHONEOS_DEPLOYMENT_TARGET = 8.1;
				MTL_ENABLE_DEBUG_INFO = YES;
				ONLY_ACTIVE_ARCH = YES;
				SDKROOT = iphoneos;
				SWIFT_OPTIMIZATION_LEVEL = "-Onone";
			};
			name = Debug;
		};
		F807B3481A7280A300F17C83 /* Release */ = {
			isa = XCBuildConfiguration;
			buildSettings = {
				ALWAYS_SEARCH_USER_PATHS = NO;
				CLANG_CXX_LANGUAGE_STANDARD = "gnu++0x";
				CLANG_CXX_LIBRARY = "libc++";
				CLANG_ENABLE_MODULES = YES;
				CLANG_ENABLE_OBJC_ARC = YES;
				CLANG_WARN_BOOL_CONVERSION = YES;
				CLANG_WARN_CONSTANT_CONVERSION = YES;
				CLANG_WARN_DIRECT_OBJC_ISA_USAGE = YES_ERROR;
				CLANG_WARN_EMPTY_BODY = YES;
				CLANG_WARN_ENUM_CONVERSION = YES;
				CLANG_WARN_INT_CONVERSION = YES;
				CLANG_WARN_OBJC_ROOT_CLASS = YES_ERROR;
				CLANG_WARN_UNREACHABLE_CODE = YES;
				CLANG_WARN__DUPLICATE_METHOD_MATCH = YES;
				"CODE_SIGN_IDENTITY[sdk=iphoneos*]" = "iPhone Developer";
				COPY_PHASE_STRIP = YES;
				ENABLE_NS_ASSERTIONS = NO;
				ENABLE_STRICT_OBJC_MSGSEND = YES;
				GCC_C_LANGUAGE_STANDARD = gnu99;
				GCC_WARN_64_TO_32_BIT_CONVERSION = YES;
				GCC_WARN_ABOUT_RETURN_TYPE = YES_ERROR;
				GCC_WARN_UNDECLARED_SELECTOR = YES;
				GCC_WARN_UNINITIALIZED_AUTOS = YES_AGGRESSIVE;
				GCC_WARN_UNUSED_FUNCTION = YES;
				GCC_WARN_UNUSED_VARIABLE = YES;
				IPHONEOS_DEPLOYMENT_TARGET = 8.1;
				MTL_ENABLE_DEBUG_INFO = NO;
				SDKROOT = iphoneos;
				VALIDATE_PRODUCT = YES;
			};
			name = Release;
		};
		F807B34A1A7280A300F17C83 /* Debug */ = {
			isa = XCBuildConfiguration;
			buildSettings = {
				ASSETCATALOG_COMPILER_APPICON_NAME = AppIcon;
				INFOPLIST_FILE = popMenuTest/Info.plist;
				LD_RUNPATH_SEARCH_PATHS = "$(inherited) @executable_path/Frameworks";
				PRODUCT_NAME = "$(TARGET_NAME)";
			};
			name = Debug;
		};
		F807B34B1A7280A300F17C83 /* Release */ = {
			isa = XCBuildConfiguration;
			buildSettings = {
				ASSETCATALOG_COMPILER_APPICON_NAME = AppIcon;
				INFOPLIST_FILE = popMenuTest/Info.plist;
				LD_RUNPATH_SEARCH_PATHS = "$(inherited) @executable_path/Frameworks";
				PRODUCT_NAME = "$(TARGET_NAME)";
			};
			name = Release;
		};
		F807B34D1A7280A300F17C83 /* Debug */ = {
			isa = XCBuildConfiguration;
			buildSettings = {
				BUNDLE_LOADER = "$(TEST_HOST)";
				FRAMEWORK_SEARCH_PATHS = (
					"$(SDKROOT)/Developer/Library/Frameworks",
					"$(inherited)",
				);
				GCC_PREPROCESSOR_DEFINITIONS = (
					"DEBUG=1",
					"$(inherited)",
				);
				INFOPLIST_FILE = popMenuTestTests/Info.plist;
				LD_RUNPATH_SEARCH_PATHS = "$(inherited) @executable_path/Frameworks @loader_path/Frameworks";
				PRODUCT_NAME = "$(TARGET_NAME)";
				TEST_HOST = "$(BUILT_PRODUCTS_DIR)/popMenuTest.app/popMenuTest";
			};
			name = Debug;
		};
		F807B34E1A7280A300F17C83 /* Release */ = {
			isa = XCBuildConfiguration;
			buildSettings = {
				BUNDLE_LOADER = "$(TEST_HOST)";
				FRAMEWORK_SEARCH_PATHS = (
					"$(SDKROOT)/Developer/Library/Frameworks",
					"$(inherited)",
				);
				INFOPLIST_FILE = popMenuTestTests/Info.plist;
				LD_RUNPATH_SEARCH_PATHS = "$(inherited) @executable_path/Frameworks @loader_path/Frameworks";
				PRODUCT_NAME = "$(TARGET_NAME)";
				TEST_HOST = "$(BUILT_PRODUCTS_DIR)/popMenuTest.app/popMenuTest";
			};
			name = Release;
		};
/* End XCBuildConfiguration section */

/* Begin XCConfigurationList section */
		F807B3251A7280A300F17C83 /* Build configuration list for PBXProject "popMenuTest" */ = {
			isa = XCConfigurationList;
			buildConfigurations = (
				F807B3471A7280A300F17C83 /* Debug */,
				F807B3481A7280A300F17C83 /* Release */,
			);
			defaultConfigurationIsVisible = 0;
			defaultConfigurationName = Release;
		};
		F807B3491A7280A300F17C83 /* Build configuration list for PBXNativeTarget "popMenuTest" */ = {
			isa = XCConfigurationList;
			buildConfigurations = (
				F807B34A1A7280A300F17C83 /* Debug */,
				F807B34B1A7280A300F17C83 /* Release */,
			);
			defaultConfigurationIsVisible = 0;
		};
		F807B34C1A7280A300F17C83 /* Build configuration list for PBXNativeTarget "popMenuTestTests" */ = {
			isa = XCConfigurationList;
			buildConfigurations = (
				F807B34D1A7280A300F17C83 /* Debug */,
				F807B34E1A7280A300F17C83 /* Release */,
			);
			defaultConfigurationIsVisible = 0;
		};
/* End XCConfigurationList section */
	};
	rootObject = F807B3221A7280A300F17C83 /* Project object */;
}
